{
  "name": "orange-radio-cms-static",
  "version": "0.0.1",
  "lockfileVersion": 1,
  "requires": true,
  "dependencies": {
    "@popperjs/core": {
      "version": "2.9.3",
      "resolved": "https://registry.npmjs.org/@popperjs/core/-/core-2.9.3.tgz",
      "integrity": "sha512-xDu17cEfh7Kid/d95kB6tZsLOmSWKCZKtprnhVepjsSaCij+lM3mItSJDuuHDMbCWTh8Ejmebwb+KONcCJ0eXQ=="
    },
    "boosted": {
      "version": "5.0.2",
      "resolved": "https://registry.npmjs.org/boosted/-/boosted-5.0.2.tgz",
      "integrity": "sha512-YXrxT7OqrEs+mOLFW2aifEE5mCf4O7hnSiRT457uSkvKhBnn3zdfkfGZUZqUF8DNYSWc5Za6f1PyQr/WfhuRTQ=="
    }
  }
}
